
Microsoft Visual Studio Solution File, Format Version 12.00
# Visual Studio Version 17
VisualStudioVersion = 17.5.33209.295
MinimumVisualStudioVersion = 10.0.40219.1
Project("{FAE04EC0-301F-11D3-BF4B-00C04F79EFBC}") = "JsonColumn", "JsonColumn\JsonColumn.csproj", "{62DB4C84-297D-4C1D-B5E3-63B82F6956F9}"
EndProject
Global
	GlobalSection(SolutionConfigurationPlatforms) = preSolution
		Debug|Any CPU = Debug|Any CPU
		Release|Any CPU = Release|Any CPU
	EndGlobalSection
	GlobalSection(ProjectConfigurationPlatforms) = postSolution
		{62DB4C84-297D-4C1D-B5E3-63B82F6956F9}.Debug|Any CPU.ActiveCfg = Debug|Any CPU
		{62DB4C84-297D-4C1D-B5E3-63B82F6956F9}.Debug|Any CPU.Build.0 = Debug|Any CPU
		{62DB4C84-297D-4C1D-B5E3-63B82F6956F9}.Release|Any CPU.ActiveCfg = Release|Any CPU
		{62DB4C84-297D-4C1D-B5E3-63B82F6956F9}.Release|Any CPU.Build.0 = Release|Any CPU
	EndGlobalSection
	GlobalSection(SolutionProperties) = preSolution
		HideSolutionNode = FALSE
	EndGlobalSection
	GlobalSection(ExtensibilityGlobals) = postSolution
		SolutionGuid = {33C7745E-7446-4233-948D-98CCF5F73094}
	EndGlobalSection
EndGlobal
